version: v2
locks:
  f/alerts/send_pending_system_alerts+0d7e4454dc0def7afbc6981c486c96f61b0497ceb4694a2e73cb7fcfe3e696c4: 0d7e4454dc0def7afbc6981c486c96f61b0497ceb4694a2e73cb7fcfe3e696c4
  f/billing_audit/compute_chemical_estimates+560f865e9f1b46214ec9fa2bf420a01ed3e73c0ab63acf78784acb2d518c1be9: 560f865e9f1b46214ec9fa2bf420a01ed3e73c0ab63acf78784acb2d518c1be9
  f/billing_audit/load_month+d472f33852deebfa506e69ccc4b1ddd862e5e7ad4418895427d79a0b21a0fff7: d472f33852deebfa506e69ccc4b1ddd862e5e7ad4418895427d79a0b21a0fff7
  f/billing/apply_maint_credits+18b1124de9160a2138d79a5ce476f1a1bee182d224097c4c93545f7bf01b0795: 18b1124de9160a2138d79a5ce476f1a1bee182d224097c4c93545f7bf01b0795
  f/billing/monthly_autopay.flow+24dd1a867d403cf9d160324bfafe4b05ef13c0aa35f9f491116ab800543668cb: 24dd1a867d403cf9d160324bfafe4b05ef13c0aa35f9f491116ab800543668cb
  f/billing/monthly_autopay.flow+5d26742d0522460f2163aa0674e41fffabfcfff2e983565c70ceba2e1adecc8d: 5d26742d0522460f2163aa0674e41fffabfcfff2e983565c70ceba2e1adecc8d
  f/billing/monthly_autopay.flow+ab6adfa005432680929795e2851be2e66d340c42c7a3f7dfd118153178f128b0: ab6adfa005432680929795e2851be2e66d340c42c7a3f7dfd118153178f128b0
  f/billing/monthly_autopay.flow+adbe9e59e9e9551c8e46bf2b0e4f460b9f24be93b2d18bdb68a32d27946121ca: adbe9e59e9e9551c8e46bf2b0e4f460b9f24be93b2d18bdb68a32d27946121ca
  f/billing/monthly_autopay.flow+d60bcf643bf4491733bd45c02fc88b43d444e988559f423408cd0fe8b6a07cd5: d60bcf643bf4491733bd45c02fc88b43d444e988559f423408cd0fe8b6a07cd5
  f/billing/send_decline_email+9f93e7d21bd9a12c15dd0672b0f15131a96dbd7dbe696104f77cf7ba25ed383e: 9f93e7d21bd9a12c15dd0672b0f15131a96dbd7dbe696104f77cf7ba25ed383e
  f/billing/send_monthly_invoices+a936ed792d473133bb63daff0722cd629351914918aa8dab176ef70c5d176bbb: a936ed792d473133bb63daff0722cd629351914918aa8dab176ef70c5d176bbb
  f/billing/stamp_invoice_memos+53d57e6f963b26b272da57a0eeb1c5aa1fed64b03832ea6514444e274aeec024: 53d57e6f963b26b272da57a0eeb1c5aa1fed64b03832ea6514444e274aeec024
  f/billing/switch_to_weekly_campaign+b404de4829ddbd8ea24626a74c1bdcb6588b3af6a979f5b1ff13712dc7c2da0e: b404de4829ddbd8ea24626a74c1bdcb6588b3af6a979f5b1ff13712dc7c2da0e
  f/billing/sync_invoice_balances+9de5236d0e2a6fc58c8732f6f63fe258464b3f3d93ec5d4dda1a0de5cd555722: 9de5236d0e2a6fc58c8732f6f63fe258464b3f3d93ec5d4dda1a0de5cd555722
  f/check_buddy/check_bank_feed_cleared+d4ce4323d6e33e5f9cd39e6934198140a36128ed6f56945741809157943246ed: d4ce4323d6e33e5f9cd39e6934198140a36128ed6f56945741809157943246ed
  f/check_buddy/check_reconciliation_status+961a0a573a30f161ca923f50a5a5709a04167d177ac5f734bca06ab321613b83: 961a0a573a30f161ca923f50a5a5709a04167d177ac5f734bca06ab321613b83
  f/check_buddy/create_qbo_deposit+66d7777e681636906b32dcba351c53b1ce5832a1ba77abd16372d8cf010e199e: 66d7777e681636906b32dcba351c53b1ce5832a1ba77abd16372d8cf010e199e
  f/check_buddy/create_qbo_payment+b92aa55a76f4f5fb02b4a77a904deed9b98b42c5e9d6e930c9f0c646bbec3293: b92aa55a76f4f5fb02b4a77a904deed9b98b42c5e9d6e930c9f0c646bbec3293
  f/check_buddy/daily_payment_sync+b011a86d5b282bda8ec27194633ef8918910cdfe31a0497b5af6524aa5bedbc5: b011a86d5b282bda8ec27194633ef8918910cdfe31a0497b5af6524aa5bedbc5
  f/check_buddy/delete_qbo_payment+5dc1f1ac43b62788a69affa19b6d795bf97e5e7df6601fb2c715bd8f3b66f0e7: 5dc1f1ac43b62788a69affa19b6d795bf97e5e7df6601fb2c715bd8f3b66f0e7
  f/check_buddy/get_customer_open_invoices+84edd794fe97ada5b1dc0058d9e2686c10c1582e5bfb6abdb605d1bb402f0a5f: 84edd794fe97ada5b1dc0058d9e2686c10c1582e5bfb6abdb605d1bb402f0a5f
  f/check_buddy/invoice_match+54c9bfd9c8099cee205a1260c40499a7166a99b7a8f085a3e72170115fcb6d81: 54c9bfd9c8099cee205a1260c40499a7166a99b7a8f085a3e72170115fcb6d81
  f/check_buddy/read_qbo_deposit+6a9cdaa2a31127e2463fa7252eca5e81b04088018c9ced5cada740472da38259: 6a9cdaa2a31127e2463fa7252eca5e81b04088018c9ced5cada740472da38259
  f/check_buddy/read_qbo_payment+46185f042244d4da23e443994f1d74ee136a76997b2b00d5ba9af1bc83b25641: 46185f042244d4da23e443994f1d74ee136a76997b2b00d5ba9af1bc83b25641
  f/check_buddy/remove_late_fees+8d0f99066474b7d9671dfd26d1f0968fc6493936fbbfe65811f015d40b03b17d: 8d0f99066474b7d9671dfd26d1f0968fc6493936fbbfe65811f015d40b03b17d
  f/check_buddy/search_qbo_payments+439ded5f5714eee621b948525fd1d4cac49fbeca788ea7a5eeb2c130cc466c70: 439ded5f5714eee621b948525fd1d4cac49fbeca788ea7a5eeb2c130cc466c70
  f/comms/quote_followup_cadence+8c701f345773fe543489cb2b7259f15669b1e9bb7dc851d0f4ebc6db8d3ea157: 8c701f345773fe543489cb2b7259f15669b1e9bb7dc851d0f4ebc6db8d3ea157
  f/comms/send_email+76f98a5c3208fe5e090dd68c141c0b2465a6b1d82707cb8987256c2bf3a8eec1: 76f98a5c3208fe5e090dd68c141c0b2465a6b1d82707cb8987256c2bf3a8eec1
  f/comms/send_sms+d6116f0db8bd0fd11b73d4be377c6d8dd007c0de594590d0eb28bc66b48da8a2: d6116f0db8bd0fd11b73d4be377c6d8dd007c0de594590d0eb28bc66b48da8a2
  f/email_extraction/download_email_pdfs+bf90b272b24f466ffce0ab9da11770ef422dbb991367c3de803ad9a375b5e666: bf90b272b24f466ffce0ab9da11770ef422dbb991367c3de803ad9a375b5e666
  f/email_extraction/extract_invoices+6184fc7a0cc3062481f8e326d4f5c82bce5d54c48be60a3ffaaf470d812b490e: 6184fc7a0cc3062481f8e326d4f5c82bce5d54c48be60a3ffaaf470d812b490e
  f/google_maps/geocode_customers+2c4d76fe8a8c0f2704aa684f9ad8865d4188e01ea85511c93d2ebf72572cbf8e: 2c4d76fe8a8c0f2704aa684f9ad8865d4188e01ea85511c93d2ebf72572cbf8e
  f/google_maps/normalize_customer_addresses+795457b1d537ea327456cf5bdca8fca23e3f02457216514a3942bebed5ff557d: 795457b1d537ea327456cf5bdca8fca23e3f02457216514a3942bebed5ff557d
  f/ION/_discover/diagnose_unresolved+6d279a2f4dc2a084c671f7fc57419ce28907a18aac12dca828df3c49a33a4b35: 6d279a2f4dc2a084c671f7fc57419ce28907a18aac12dca828df3c49a33a4b35
  f/ION/_discover/emit_session+0df048ffe6ee5380603949fad01e070a722e4c7a8a22259d02fc658891b444f0: 0df048ffe6ee5380603949fad01e070a722e4c7a8a22259d02fc658891b444f0
  f/ION/_discover/parse_normalize_test+5d4e314e45efeb2a810ee79ee2b815e2191fd880a9e7561863cde8e7746b58d0: 5d4e314e45efeb2a810ee79ee2b815e2191fd880a9e7561863cde8e7746b58d0
  f/ION/_discover/probe_completed_logs+f2821ca166aa700f56bcec7853db508b025d3a7eecadc7a83c804556cfdeba22: f2821ca166aa700f56bcec7853db508b025d3a7eecadc7a83c804556cfdeba22
  f/ION/_discover/timing_breakdown+4214ccf9c371f43dad1b0e2f88721071443f843b5379c57e0ee2d3886892b742: 4214ccf9c371f43dad1b0e2f88721071443f843b5379c57e0ee2d3886892b742
  f/ION/_lib/normalize+7a37ac432c46d4b6cdec4b5b309eda16dd3644442bc73bddc799eaca86b3d388: 7a37ac432c46d4b6cdec4b5b309eda16dd3644442bc73bddc799eaca86b3d388
  f/ION/_lib/parser+440fc6ac2c8bd8084e90ff7ed5b5659d5932417a7f3e3b271f6e079cdec282dc: 440fc6ac2c8bd8084e90ff7ed5b5659d5932417a7f3e3b271f6e079cdec282dc
  f/ION/_lib/session+4fe33d912df96a35e7d199909e6b8f1a370bf76d8f68e08a307bc6c06a9fca16: 4fe33d912df96a35e7d199909e6b8f1a370bf76d8f68e08a307bc6c06a9fca16
  f/ION/_lib/upsert+35e0cb2651bc4fa78cbfa35a6a9d49ecf17c080b9b9b6b4aa366f894c17e6bca: 35e0cb2651bc4fa78cbfa35a6a9d49ecf17c080b9b9b6b4aa366f894c17e6bca
  f/ION/consumables_usage.flow+bc23a6e56e7815e8412ded615e9d19bac600afc92ac28dbcf789c666a4085565: bc23a6e56e7815e8412ded615e9d19bac600afc92ac28dbcf789c666a4085565
  f/ION/consumables_usage.flow+d7ee4192c6e9531f8f3c2b7459b566d768727076f070a4d044d69bf15c9d5228: d7ee4192c6e9531f8f3c2b7459b566d768727076f070a4d044d69bf15c9d5228
  f/ION/consumables_usage.flow+e881404f6599f869bf59cd1375acfce5a388f3e1a623bdff6d7b046c47bb2345: e881404f6599f869bf59cd1375acfce5a388f3e1a623bdff6d7b046c47bb2345
  f/ION/consumables_usage/d+3cb6078388ced3dd96707857b414aa1623e50d60415c61c64fa53666daf3cf57: 3cb6078388ced3dd96707857b414aa1623e50d60415c61c64fa53666daf3cf57
  f/ION/refresh_stale_work_orders.flow+67344f2f7070c8a53678f8589b75c0445a227d21474852f908040d2d725f3c94: 67344f2f7070c8a53678f8589b75c0445a227d21474852f908040d2d725f3c94
  f/ION/refresh_stale_work_orders.flow+77b620a2db9ec3855cda6722b535bfecd8449cdd3142d3e5bae377d1574922ac: 77b620a2db9ec3855cda6722b535bfecd8449cdd3142d3e5bae377d1574922ac
  f/ION/refresh_stale_work_orders.flow+7b51c27a5e628760dc3ed94aa26be8aa56d93807864efbba87f977d5d432f933: 7b51c27a5e628760dc3ed94aa26be8aa56d93807864efbba87f977d5d432f933
  f/ION/refresh_stale_work_orders.flow+ceaf4568be728f932afd95aa38336bffba3ae3cef8d773fbf63f054b047daa71: ceaf4568be728f932afd95aa38336bffba3ae3cef8d773fbf63f054b047daa71
  f/ION/work_orders.flow+154432590f217b2e92a144550fe2cd2eb03466ca6dffb45180faf8ce3ff30399: 154432590f217b2e92a144550fe2cd2eb03466ca6dffb45180faf8ce3ff30399
  f/ION/work_orders.flow+481c573bb056b537107272c5b786a836c245f839e56f2896be6a3c02d53e5cc9: 481c573bb056b537107272c5b786a836c245f839e56f2896be6a3c02d53e5cc9
  f/ION/work_orders.flow+b9f3ff36a2ee7cf840aa778b8c348a4086e8b0080757b1c1358a33a4497836ec: b9f3ff36a2ee7cf840aa778b8c348a4086e8b0080757b1c1358a33a4497836ec
  f/leads/create_qbo_customer+611e18a90d92da3415a588f2cfffa2d2ca33778d70063215fbf55cea80468b26: 611e18a90d92da3415a588f2cfffa2d2ca33778d70063215fbf55cea80468b26
  f/qbo/qbo_customer_sync+a54cd1168419ed9bf3f294590502d1d1c5356fa7f44f3ce6a3ec04bce242f1a2: a54cd1168419ed9bf3f294590502d1d1c5356fa7f44f3ce6a3ec04bce242f1a2
  f/qbo/sync_customer_to_qbo+b896512054cf0947c1dde4277974e56b9d46685a8e6d1d30227c3e1b17ecbb49: b896512054cf0947c1dde4277974e56b9d46685a8e6d1d30227c3e1b17ecbb49
  f/service_billing/apply_credit_manual+cccbe7628abebff744ac3d39e7d8557c2a345aea9902a00f676e45f0ee8c3a87: cccbe7628abebff744ac3d39e7d8557c2a345aea9902a00f676e45f0ee8c3a87
  f/service_billing/cdc_reconciler+04f9933ae83af60faee6c49ba1a923669186e67ec1ed36cade435e34e25f03ce: 04f9933ae83af60faee6c49ba1a923669186e67ec1ed36cade435e34e25f03ce
  f/service_billing/classify_work_orders_ai+930521b42aa386974811332c0c1d1e0813494ef1fe7a16d654e4ff0ad2dec215: 930521b42aa386974811332c0c1d1e0813494ef1fe7a16d654e4ff0ad2dec215
  f/service_billing/classify_work_orders+1f3fcb8bc99ec13345cddf48d9f281388ae947b36c52c834324f6f7f7124a420: 1f3fcb8bc99ec13345cddf48d9f281388ae947b36c52c834324f6f7f7124a420
  f/service_billing/dispatch_pre_processing+3b721ee3e1c10df5b1e1679933171fdfbf9d809b876b41342210a9e0e9cd2602: 3b721ee3e1c10df5b1e1679933171fdfbf9d809b876b41342210a9e0e9cd2602
  f/service_billing/distinguished_script+b4993133719fe837f5368b45e76a41b73dedd30ed3d939931fad9210af3747a5: b4993133719fe837f5368b45e76a41b73dedd30ed3d939931fad9210af3747a5
  f/service_billing/initial_full_credit_pull+8631fccab4a9023835bf1ebf2e36515be3b80cec73bf215835c66b18ee7dd41f: 8631fccab4a9023835bf1ebf2e36515be3b80cec73bf215835c66b18ee7dd41f
  f/service_billing/pre_process_invoice+947af0522638ed1fa472a9fc9ad4e27008cd67ef925b22a34b6306ea98bc40cc: 947af0522638ed1fa472a9fc9ad4e27008cd67ef925b22a34b6306ea98bc40cc
  f/service_billing/process_invoice+6fbc8c47987bc82bb5c39a096941b302bf1d0a43e9c93662a640ba3573fe34be: 6fbc8c47987bc82bb5c39a096941b302bf1d0a43e9c93662a640ba3573fe34be
  f/service_billing/process_work_order+e911c81f7cfdceba97e1b47202b634edc77ad9b1529326de08852a8550ed1392: e911c81f7cfdceba97e1b47202b634edc77ad9b1529326de08852a8550ed1392
  f/service_billing/pull_customer_payment_methods+4dc4da3d1fb3a3502105aed1b6cc2b16b9a4dadafcc4f0bcad5135a49d2f1a65: 4dc4da3d1fb3a3502105aed1b6cc2b16b9a4dadafcc4f0bcad5135a49d2f1a65
  f/service_billing/pull_qbo_credits+7a6babaab04e0d692af10ea4352768d5bee5baf42d4946d69d18b0729e8954c3: 7a6babaab04e0d692af10ea4352768d5bee5baf42d4946d69d18b0729e8954c3
  f/service_billing/pull_qbo_invoices+4cd6ebb2846508328e1affa923774f3b654c994bc0ee350ffd525e3317c948df: 4cd6ebb2846508328e1affa923774f3b654c994bc0ee350ffd525e3317c948df
  f/service_billing/push_invoice_edits+627c16cf7ceaecb206f99e1b98077f80d71632ccbb95b796bf36077abaaa5b19: 627c16cf7ceaecb206f99e1b98077f80d71632ccbb95b796bf36077abaaa5b19
  f/service_billing/reconcile_payments+bfbb2bcbe3af71dde77683ec6c02f942bea9cf93ec1235a6cf5c49051055c86b: bfbb2bcbe3af71dde77683ec6c02f942bea9cf93ec1235a6cf5c49051055c86b
  f/service_billing/refresh_credit_memo+a666fe65392a25344b6b5f546df6be18eb31a056e4f76259c3c0d5cdc4e1c1da: a666fe65392a25344b6b5f546df6be18eb31a056e4f76259c3c0d5cdc4e1c1da
  f/service_billing/refresh_customer_credits+e5d4010211d9a7c9f10219702fff2262c11121498d8c7765d37691e2cb424b61: e5d4010211d9a7c9f10219702fff2262c11121498d8c7765d37691e2cb424b61
  f/service_billing/refresh_customer+beb09e57ae31dd7b1d95b30061758170df96c62e013657140c077714306aef4a: beb09e57ae31dd7b1d95b30061758170df96c62e013657140c077714306aef4a
  f/service_billing/refresh_invoice+a76d304bbf1a56fded6cf287981a251af7a889bbee8ef4a21a759635ff28b024: a76d304bbf1a56fded6cf287981a251af7a889bbee8ef4a21a759635ff28b024
  f/service_billing/refresh_open_invoices+f3ab8f57093f8dbdbf68bfd1cc1ed9e5294d5dfbc9c7c42b5881888b4fab4e4f: f3ab8f57093f8dbdbf68bfd1cc1ed9e5294d5dfbc9c7c42b5881888b4fab4e4f
  f/service_billing/refresh_payment+79dab52ae89fdee73f583fc0b3c90f12dc7106bff74f07b6b47852c72133531f: 79dab52ae89fdee73f583fc0b3c90f12dc7106bff74f07b6b47852c72133531f
  f/service_billing/service_billing_processing+7854060e3b1fa98928ce8084e2313fa92fedccea1ab16d9a23b788c1629f58af: 7854060e3b1fa98928ce8084e2313fa92fedccea1ab16d9a23b788c1629f58af
  f/webhooks/get_employees+11d0dbc0d3d2436d6dd86bbcac5fdf56f48bf852b8c702ea34905d843d979d06: 11d0dbc0d3d2436d6dd86bbcac5fdf56f48bf852b8c702ea34905d843d979d06
  u/carter/audit_autopay_payments+1da95e39e3e71111efba47444ebd92527771abb74efef509c7179a0994e1a888: 1da95e39e3e71111efba47444ebd92527771abb74efef509c7179a0994e1a888
  u/carter/backfill_acceptance_links+24155d0911561939101ea9fc71ac4debe833ae315f0c801be218ef33a5c09bca: 24155d0911561939101ea9fc71ac4debe833ae315f0c801be218ef33a5c09bca
  u/carter/backfill_estimate_pdfs_all_statuses+1364f2a9d98b31279b46eac3491cc6f23dddd92b93866996d52f883a1b3a17a3: 1364f2a9d98b31279b46eac3491cc6f23dddd92b93866996d52f883a1b3a17a3
  u/carter/backfill_estimate_pdfs+3fbd71645529878ee9277ea964d260e779bf782765f674e7349e9bdb696f560b: 3fbd71645529878ee9277ea964d260e779bf782765f674e7349e9bdb696f560b
  u/carter/create_adjustment_zoho+ecc42df3c74826c2643667fede2e16e46dafc2b58723916feaeff733e2ec2dd2: ecc42df3c74826c2643667fede2e16e46dafc2b58723916feaeff733e2ec2dd2
  u/carter/effective_script+45e26dbb98a09d390ab08461517af1ae3337f951d73fcf498c68d0932ba3b120: 45e26dbb98a09d390ab08461517af1ae3337f951d73fcf498c68d0932ba3b120
  u/carter/estimate_email_processing.flow+3bf64cfc35499003f7bbe80c2705b22c3737771499398b5b2510124c03775607: 3bf64cfc35499003f7bbe80c2705b22c3737771499398b5b2510124c03775607
  u/carter/estimate_email_processing.flow+3dbd3d18f10850b2a9573530180088cf431277836cb6d72b240d2b574e07fb07: 3dbd3d18f10850b2a9573530180088cf431277836cb6d72b240d2b574e07fb07
  u/carter/estimate_email_processing.flow+4adde18786a9c1d3b46c1322a23ec4459468b2c0c61129fb0a15dfba79518f46: 4adde18786a9c1d3b46c1322a23ec4459468b2c0c61129fb0a15dfba79518f46
  u/carter/estimate_email_processing.flow+66582bfc234a3ec1f04328fd7ed65446639a4e98dfcb0a4002207705861b7316: 66582bfc234a3ec1f04328fd7ed65446639a4e98dfcb0a4002207705861b7316
  u/carter/estimate_email_processing.flow+84d05e30760c8461ccaadb8b5d79da28359ef6c67f8c711aafe0d78dde0480db: 84d05e30760c8461ccaadb8b5d79da28359ef6c67f8c711aafe0d78dde0480db
  u/carter/estimate_email_processing.flow+9221949e7ed5cdf1f87766abfde27c80f38028fc4787d0a70dbde70a1da951cb: 9221949e7ed5cdf1f87766abfde27c80f38028fc4787d0a70dbde70a1da951cb
  u/carter/estimate_email_processing.flow+99914e80a8318adf563bac7e4e81ba1c18dd01933a1a22fea7ca2f2cb3fa7b89: 99914e80a8318adf563bac7e4e81ba1c18dd01933a1a22fea7ca2f2cb3fa7b89
  u/carter/estimate_email_processing.flow+999b0d713bf2ceab49587110d961ef0095f9a9dba290540e080dec633dc3aec9: 999b0d713bf2ceab49587110d961ef0095f9a9dba290540e080dec633dc3aec9
  u/carter/estimate_email_processing.flow+9d1c1da6c431110e306d49546fb121fa87c01ad3a3d05456e03ee57194d8095b: 9d1c1da6c431110e306d49546fb121fa87c01ad3a3d05456e03ee57194d8095b
  u/carter/estimate_email_processing.flow+a47ab3dea443ac94c01354973b27749ff29fbda8803c32e3314480777696fe18: a47ab3dea443ac94c01354973b27749ff29fbda8803c32e3314480777696fe18
  u/carter/estimate_email_processing.flow+ce1e8fd5cb9b41579bb1a1907c0d9c00af81a349970fae5b60db594e271f7c25: ce1e8fd5cb9b41579bb1a1907c0d9c00af81a349970fae5b60db594e271f7c25
  u/carter/get_adjustments+25c03919e0ac4f6308f04dbfd04daeea1934cbc23cdefa3d279b26a4d971129d: 25c03919e0ac4f6308f04dbfd04daeea1934cbc23cdefa3d279b26a4d971129d
  u/carter/get_est_emails+b4a20d72010fd85975e0820fce283f91a4a57924064fe2dd091888339c9f107f: b4a20d72010fd85975e0820fce283f91a4a57924064fe2dd091888339c9f107f
  u/carter/get_item_zoho_stock+100e2cb03f475a9e07c4738ac188577b7d779072c9d0f9cea461c55cb341a8b7: 100e2cb03f475a9e07c4738ac188577b7d779072c9d0f9cea461c55cb341a8b7
  u/carter/get_sales+314d72cb4c93a262d0e00857e011f351f8686b9e8ce39cb983651ab7b32a11fd: 314d72cb4c93a262d0e00857e011f351f8686b9e8ce39cb983651ab7b32a11fd
  u/carter/get_transfers+b129e7cdc4bdc2c61704feef5f5a79de64ac38cffc132aaf10389976a30cee60: b129e7cdc4bdc2c61704feef5f5a79de64ac38cffc132aaf10389976a30cee60
  u/carter/get_vendor_credits+866943ce3554dfe2b6ed7318ee5bf25ba2a310b232125c906d1d68cec3af98ed: 866943ce3554dfe2b6ed7318ee5bf25ba2a310b232125c906d1d68cec3af98ed
  u/carter/ion_task_recon_2+6bbfd7133f1668046275fde3b951b2b7adde00d73d21b6a8b960765fe6d1c78c: 6bbfd7133f1668046275fde3b951b2b7adde00d73d21b6a8b960765fe6d1c78c
  u/carter/ion_task_recon_3+d6f9339f49f200003b7b40ae575e1b1ad6414a9f4b9a5a08b189c7bf2bacef59: d6f9339f49f200003b7b40ae575e1b1ad6414a9f4b9a5a08b189c7bf2bacef59
  u/carter/ion_task_recon+a032034912f3676061eb4fe0cbd09e45d49f9b8531671a335cafd4ed6efbd26e: a032034912f3676061eb4fe0cbd09e45d49f9b8531671a335cafd4ed6efbd26e
  u/carter/monthly_autopay_processing.flow+058d6224354a387e7bfedfb49c452becd2b539fcefc1f67742dc75428e93e71e: 058d6224354a387e7bfedfb49c452becd2b539fcefc1f67742dc75428e93e71e
  u/carter/monthly_autopay_processing.flow+44b62f2c32247a950777e14e2dda73ff2ed7ccebab9b5f7c3deffb50b176c58f: 44b62f2c32247a950777e14e2dda73ff2ed7ccebab9b5f7c3deffb50b176c58f
  u/carter/monthly_autopay_processing.flow+ba8aebebe9272e89a4797743eee5066c104f37bcde006336a3916965fd2438d1: ba8aebebe9272e89a4797743eee5066c104f37bcde006336a3916965fd2438d1
  u/carter/monthly_autopay_processing.flow+c2717d08a581f35e83f8618832359c9c9abe3ce12bcda1011e01de34cedb8c43: c2717d08a581f35e83f8618832359c9c9abe3ce12bcda1011e01de34cedb8c43
  u/carter/monthly_autopay_processing.flow+df7706e6f6b6ca2c55032e78d27c47662a93fa0bbee876ef1584efdedd008e5f: df7706e6f6b6ca2c55032e78d27c47662a93fa0bbee876ef1584efdedd008e5f
  u/carter/monumental_script+12852595dbdbcf47a8344c7e2bcc398d931b8980f24a9c645c2b8b4900cb0830: 12852595dbdbcf47a8344c7e2bcc398d931b8980f24a9c645c2b8b4900cb0830
  u/carter/purchase_receive_creation.flow+5a347d0b4ad6af32f7461d8b81c1449dc7b7c2b9429cd61b618d006ea7babf04: 5a347d0b4ad6af32f7461d8b81c1449dc7b7c2b9429cd61b618d006ea7babf04
  u/carter/purchase_receive_creation.flow+7e7e9cf6b83b1571a9f61ea3416c770a44828b7005a2e8a8ce24dc21c54624a7: 7e7e9cf6b83b1571a9f61ea3416c770a44828b7005a2e8a8ce24dc21c54624a7
  u/carter/purchase_receive_creation.flow+a99d1f1b5f9b8401e67da557cc54296e51fd68131efaf8b9c4389a44507116f6: a99d1f1b5f9b8401e67da557cc54296e51fd68131efaf8b9c4389a44507116f6
  u/carter/rc_call_analysis+f6ac35ca70c04027171929576505c1f167c8d0f455a40c50c0f6359cf88ea4d2: f6ac35ca70c04027171929576505c1f167c8d0f455a40c50c0f6359cf88ea4d2
  u/carter/rc_deep_lookup+a4f2853c10fa62555aa0b730256e05e4e906b31d04872bc368549a1b4e72b4f8: a4f2853c10fa62555aa0b730256e05e4e906b31d04872bc368549a1b4e72b4f8
  u/carter/rc_lookup_number+6e7704387c0e72755c8d997291b9501569f297e3442df32b5d954a4e3fe020f5: 6e7704387c0e72755c8d997291b9501569f297e3442df32b5d954a4e3fe020f5
  u/carter/receive_sms+9fc8d0d4c656d6ebca796d78e4ce75a8120a9dfcd880f471e07c1e007d7bf4e7: 9fc8d0d4c656d6ebca796d78e4ce75a8120a9dfcd880f471e07c1e007d7bf4e7
  u/carter/rightful_script+e9bd8eafbf06c30af0ab8d1232acd6fc795d5b4f1ffceeb3ee19d8f2b5b639e4: e9bd8eafbf06c30af0ab8d1232acd6fc795d5b4f1ffceeb3ee19d8f2b5b639e4
  u/carter/send_follow_up_estimate_email+af2573e94fb241b6d05560c5b8503a3a4295113c4c78bd36b792ab3f85800998: af2573e94fb241b6d05560c5b8503a3a4295113c4c78bd36b792ab3f85800998
  u/carter/send_unsent_invoices_oneoff+d529d303d6907dc3949b9c688ef745546e74034a8a1025203c509e3b09881654: d529d303d6907dc3949b9c688ef745546e74034a8a1025203c509e3b09881654
  u/carter/stylish_script+618758212d6415cd48b8a979f45adfa0c9239f109eeaa59c2b2eb84f96683c95: 618758212d6415cd48b8a979f45adfa0c9239f109eeaa59c2b2eb84f96683c95
  u/carter/switch_to_weekly_page+dd15ac5fa022fa543b953a1bb7b99845788bf97474de2f66b9da176dc09d0310: dd15ac5fa022fa543b953a1bb7b99845788bf97474de2f66b9da176dc09d0310
  u/carter/take_location_inventory_snapshot+fc37ada83d6c3348d02b11579ea0b88985481ef36b36e2b4d38016ef8bbb5779: fc37ada83d6c3348d02b11579ea0b88985481ef36b36e2b4d38016ef8bbb5779
  u/carter/tmp_lookup_242+5d1c7cc9e2585c65d1450d86914178947ad66a40d52c91717e2d83cf3b8a3d23: 5d1c7cc9e2585c65d1450d86914178947ad66a40d52c91717e2d83cf3b8a3d23
  u/carter/tmp_lookup_9122426059+65edc72c793c7b146146c0da7d6f88bcd19742b595aeb1eb5335d9778c5d5d65: 65edc72c793c7b146146c0da7d6f88bcd19742b595aeb1eb5335d9778c5d5d65
  u/carter/transcribe_call+9b79bfa9103466f8699753d01906242a208c2b3e45b5d6f8fa25d0d91def163f: 9b79bfa9103466f8699753d01906242a208c2b3e45b5d6f8fa25d0d91def163f
  u/carter/unapplied_credits+bce84f55540bb8f2042b58ce61823e18dceb59e3afd2117781abb5ac377c2338: bce84f55540bb8f2042b58ce61823e18dceb59e3afd2117781abb5ac377c2338
